// !$*UTF8*$!
{
	archiveVersion = 1;
	classes = {
	};
	objectVersion = 56;
	objects = {

/* Begin PBXBuildFile section */
		C3E68BB22A589D960099A78E /* AppDelegate.swift in Sources */ = {isa = PBXBuildFile; fileRef = C3E68BB12A589D960099A78E /* AppDelegate.swift */; };
		C3E68BB42A589D960099A78E /* SceneDelegate.swift in Sources */ = {isa = PBXBuildFile; fileRef = C3E68BB32A589D960099A78E /* SceneDelegate.swift */; };
		C3E68BB62A589D960099A78E /* HomeVC.swift in Sources */ = {isa = PBXBuildFile; fileRef = C3E68BB52A589D960099A78E /* HomeVC.swift */; };
		C3E68BBB2A589D970099A78E /* Assets.xcassets in Resources */ = {isa = PBXBuildFile; fileRef = C3E68BBA2A589D970099A78E /* Assets.xcassets */; };
		C3E68BBE2A589D970099A78E /* LaunchScreen.storyboard in Resources */ = {isa = PBXBuildFile; fileRef = C3E68BBC2A589D970099A78E /* LaunchScreen.storyboard */; };
		C3E68BC82A5CC9E30099A78E /* HomeScreen.swift in Sources */ = {isa = PBXBuildFile; fileRef = C3E68BC72A5CC9E30099A78E /* HomeScreen.swift */; };
		C3E68BCB2A5CCC920099A78E /* UiView + Extension.swift in Sources */ = {isa = PBXBuildFile; fileRef = C3E68BCA2A5CCC920099A78E /* UiView + Extension.swift */; };
		C3E68BCD2A5CCE320099A78E /* UiColor + Extension.swift in Sources */ = {isa = PBXBuildFile; fileRef = C3E68BCC2A5CCE320099A78E /* UiColor + Extension.swift */; };
/* End PBXBuildFile section */

/* Begin PBXFileReference section */
		C3E68BAE2A589D960099A78E /* PrimeiroProjetoMVVM.app */ = {isa = PBXFileReference; explicitFileType = wrapper.application; includeInIndex = 0; path = PrimeiroProjetoMVVM.app; sourceTree = BUILT_PRODUCTS_DIR; };
		C3E68BB12A589D960099A78E /* AppDelegate.swift */ = {isa = PBXFileReference; lastKnownFileType = sourcecode.swift; path = AppDelegate.swift; sourceTree = "<group>"; };
		C3E68BB32A589D960099A78E /* SceneDelegate.swift */ = {isa = PBXFileReference; lastKnownFileType = sourcecode.swift; path = SceneDelegate.swift; sourceTree = "<group>"; };
		C3E68BB52A589D960099A78E /* HomeVC.swift */ = {isa = PBXFileReference; lastKnownFileType = sourcecode.swift; path = HomeVC.swift; sourceTree = "<group>"; };
		C3E68BBA2A589D970099A78E /* Assets.xcassets */ = {isa = PBXFileReference; lastKnownFileType = folder.assetcatalog; path = Assets.xcassets; sourceTree = "<group>"; };
		C3E68BBD2A589D970099A78E /* Base */ = {isa = PBXFileReference; lastKnownFileType = file.storyboard; name = Base; path = Base.lproj/LaunchScreen.storyboard; sourceTree = "<group>"; };
		C3E68BBF2A589D970099A78E /* Info.plist */ = {isa = PBXFileReference; lastKnownFileType = text.plist.xml; path = Info.plist; sourceTree = "<group>"; };
		C3E68BC72A5CC9E30099A78E /* HomeScreen.swift */ = {isa = PBXFileReference; lastKnownFileType = sourcecode.swift; path = HomeScreen.swift; sourceTree = "<group>"; };
		C3E68BCA2A5CCC920099A78E /* UiView + Extension.swift */ = {isa = PBXFileReference; lastKnownFileType = sourcecode.swift; path = "UiView + Extension.swift"; sourceTree = "<group>"; };
		C3E68BCC2A5CCE320099A78E /* UiColor + Extension.swift */ = {isa = PBXFileReference; lastKnownFileType = sourcecode.swift; path = "UiColor + Extension.swift"; sourceTree = "<group>"; };
/* End PBXFileReference section */

/* Begin PBXFrameworksBuildPhase section */
		C3E68BAB2A589D960099A78E /* Frameworks */ = {
			isa = PBXFrameworksBuildPhase;
			buildActionMask = 2147483647;
			files = (
			);
			runOnlyForDeploymentPostprocessing = 0;
		};
/* End PBXFrameworksBuildPhase section */

/* Begin PBXGroup section */
		C3E68BA52A589D960099A78E = {
			isa = PBXGroup;
			children = (
				C3E68BB02A589D960099A78E /* PrimeiroProjetoMVVM */,
				C3E68BAF2A589D960099A78E /* Products */,
			);
			sourceTree = "<group>";
		};
		C3E68BAF2A589D960099A78E /* Products */ = {
			isa = PBXGroup;
			children = (
				C3E68BAE2A589D960099A78E /* PrimeiroProjetoMVVM.app */,
			);
			name = Products;
			sourceTree = "<group>";
		};
		C3E68BB02A589D960099A78E /* PrimeiroProjetoMVVM */ = {
			isa = PBXGroup;
			children = (
				C3E68BC92A5CCC770099A78E /* Extension */,
				C3E68BC62A5CC9CA0099A78E /* HomeVC */,
				C3E68BB12A589D960099A78E /* AppDelegate.swift */,
				C3E68BB32A589D960099A78E /* SceneDelegate.swift */,
				C3E68BBA2A589D970099A78E /* Assets.xcassets */,
				C3E68BBC2A589D970099A78E /* LaunchScreen.storyboard */,
				C3E68BBF2A589D970099A78E /* Info.plist */,
			);
			path = PrimeiroProjetoMVVM;
			sourceTree = "<group>";
		};
		C3E68BC62A5CC9CA0099A78E /* HomeVC */ = {
			isa = PBXGroup;
			children = (
				C3E68BB52A589D960099A78E /* HomeVC.swift */,
				C3E68BC72A5CC9E30099A78E /* HomeScreen.swift */,
			);
			path = HomeVC;
			sourceTree = "<group>";
		};
		C3E68BC92A5CCC770099A78E /* Extension */ = {
			isa = PBXGroup;
			children = (
				C3E68BCA2A5CCC920099A78E /* UiView + Extension.swift */,
				C3E68BCC2A5CCE320099A78E /* UiColor + Extension.swift */,
			);
			path = Extension;
			sourceTree = "<group>";
		};
/* End PBXGroup section */

/* Begin PBXNativeTarget section */
		C3E68BAD2A589D960099A78E /* PrimeiroProjetoMVVM */ = {
			isa = PBXNativeTarget;
			buildConfigurationList = C3E68BC22A589D970099A78E /* Build configuration list for PBXNativeTarget "PrimeiroProjetoMVVM" */;
			buildPhases = (
				C3E68BAA2A589D960099A78E /* Sources */,
				C3E68BAB2A589D960099A78E /* Frameworks */,
				C3E68BAC2A589D960099A78E /* Resources */,
			);
			buildRules = (
			);
			dependencies = (
			);
			name = PrimeiroProjetoMVVM;
			productName = PrimeiroProjetoMVVM;
			productReference = C3E68BAE2A589D960099A78E /* PrimeiroProjetoMVVM.app */;
			productType = "com.apple.product-type.application";
		};
/* End PBXNativeTarget section */

/* Begin PBXProject section */
		C3E68BA62A589D960099A78E /* Project object */ = {
			isa = PBXProject;
			attributes = {
				BuildIndependentTargetsInParallel = 1;
				LastSwiftUpdateCheck = 1420;
				LastUpgradeCheck = 1420;
				TargetAttributes = {
					C3E68BAD2A589D960099A78E = {
						CreatedOnToolsVersion = 14.2;
					};
				};
			};
			buildConfigurationList = C3E68BA92A589D960099A78E /* Build configuration list for PBXProject "PrimeiroProjetoMVVM" */;
			compatibilityVersion = "Xcode 14.0";
			developmentRegion = en;
			hasScannedForEncodings = 0;
			knownRegions = (
				en,
				Base,
			);
			mainGroup = C3E68BA52A589D960099A78E;
			productRefGroup = C3E68BAF2A589D960099A78E /* Products */;
			projectDirPath = "";
			projectRoot = "";
			targets = (
				C3E68BAD2A589D960099A78E /* PrimeiroProjetoMVVM */,
			);
		};
/* End PBXProject section */

/* Begin PBXResourcesBuildPhase section */
		C3E68BAC2A589D960099A78E /* Resources */ = {
			isa = PBXResourcesBuildPhase;
			buildActionMask = 2147483647;
			files = (
				C3E68BBE2A589D970099A78E /* LaunchScreen.storyboard in Resources */,
				C3E68BBB2A589D970099A78E /* Assets.xcassets in Resources */,
			);
			runOnlyForDeploymentPostprocessing = 0;
		};
/* End PBXResourcesBuildPhase section */

/* Begin PBXSourcesBuildPhase section */
		C3E68BAA2A589D960099A78E /* Sources */ = {
			isa = PBXSourcesBuildPhase;
			buildActionMask = 2147483647;
			files = (
				C3E68BC82A5CC9E30099A78E /* HomeScreen.swift in Sources */,
				C3E68BB62A589D960099A78E /* HomeVC.swift in Sources */,
				C3E68BB22A589D960099A78E /* AppDelegate.swift in Sources */,
				C3E68BCD2A5CCE320099A78E /* UiColor + Extension.swift in Sources */,
				C3E68BCB2A5CCC920099A78E /* UiView + Extension.swift in Sources */,
				C3E68BB42A589D960099A78E /* SceneDelegate.swift in Sources */,
			);
			runOnlyForDeploymentPostprocessing = 0;
		};
/* End PBXSourcesBuildPhase section */

/* Begin PBXVariantGroup section */
		C3E68BBC2A589D970099A78E /* LaunchScreen.storyboard */ = {
			isa = PBXVariantGroup;
			children = (
				C3E68BBD2A589D970099A78E /* Base */,
			);
			name = LaunchScreen.storyboard;
			sourceTree = "<group>";
		};
/* End PBXVariantGroup section */

/* Begin XCBuildConfiguration section */
		C3E68BC02A589D970099A78E /* Debug */ = {
			isa = XCBuildConfiguration;
			buildSettings = {
				ALWAYS_SEARCH_USER_PATHS = NO;
				CLANG_ANALYZER_NONNULL = YES;
				CLANG_ANALYZER_NUMBER_OBJECT_CONVERSION = YES_AGGRESSIVE;
				CLANG_CXX_LANGUAGE_STANDARD = "gnu++20";
				CLANG_ENABLE_MODULES = YES;
				CLANG_ENABLE_OBJC_ARC = YES;
				CLANG_ENABLE_OBJC_WEAK = YES;
				CLANG_WARN_BLOCK_CAPTURE_AUTORELEASING = YES;
				CLANG_WARN_BOOL_CONVERSION = YES;
				CLANG_WARN_COMMA = YES;
				CLANG_WARN_CONSTANT_CONVERSION = YES;
				CLANG_WARN_DEPRECATED_OBJC_IMPLEMENTATIONS = YES;
				CLANG_WARN_DIRECT_OBJC_ISA_USAGE = YES_ERROR;
				CLANG_WARN_DOCUMENTATION_COMMENTS = YES;
				CLANG_WARN_EMPTY_BODY = YES;
				CLANG_WARN_ENUM_CONVERSION = YES;
				CLANG_WARN_INFINITE_RECURSION = YES;
				CLANG_WARN_INT_CONVERSION = YES;
				CLANG_WARN_NON_LITERAL_NULL_CONVERSION = YES;
				CLANG_WARN_OBJC_IMPLICIT_RETAIN_SELF = YES;
				CLANG_WARN_OBJC_LITERAL_CONVERSION = YES;
				CLANG_WARN_OBJC_ROOT_CLASS = YES_ERROR;
				CLANG_WARN_QUOTED_INCLUDE_IN_FRAMEWORK_HEADER = YES;
				CLANG_WARN_RANGE_LOOP_ANALYSIS = YES;
				CLANG_WARN_STRICT_PROTOTYPES = YES;
				CLANG_WARN_SUSPICIOUS_MOVE = YES;
				CLANG_WARN_UNGUARDED_AVAILABILITY = YES_AGGRESSIVE;
				CLANG_WARN_UNREACHABLE_CODE = YES;
				CLANG_WARN__DUPLICATE_METHOD_MATCH = YES;
				COPY_PHASE_STRIP = NO;
				DEBUG_INFORMATION_FORMAT = dwarf;
				ENABLE_STRICT_OBJC_MSGSEND = YES;
				ENABLE_TESTABILITY = YES;
				GCC_C_LANGUAGE_STANDARD = gnu11;
				GCC_DYNAMIC_NO_PIC = NO;
				GCC_NO_COMMON_BLOCKS = YES;
				GCC_OPTIMIZATION_LEVEL = 0;
				GCC_PREPROCESSOR_DEFINITIONS = (
					"DEBUG=1",
					"$(inherited)",
				);
				GCC_WARN_64_TO_32_BIT_CONVERSION = YES;
				GCC_WARN_ABOUT_RETURN_TYPE = YES_ERROR;
				GCC_WARN_UNDECLARED_SELECTOR = YES;
				GCC_WARN_UNINITIALIZED_AUTOS = YES_AGGRESSIVE;
				GCC_WARN_UNUSED_FUNCTION = YES;
				GCC_WARN_UNUSED_VARIABLE = YES;
				IPHONEOS_DEPLOYMENT_TARGET = 16.2;
				MTL_ENABLE_DEBUG_INFO = INCLUDE_SOURCE;
				MTL_FAST_MATH = YES;
				ONLY_ACTIVE_ARCH = YES;
				SDKROOT = iphoneos;
				SWIFT_ACTIVE_COMPILATION_CONDITIONS = DEBUG;
				SWIFT_OPTIMIZATION_LEVEL = "-Onone";
			};
			name = Debug;
		};
		C3E68BC12A589D970099A78E /* Release */ = {
			isa = XCBuildConfiguration;
			buildSettings = {
				ALWAYS_SEARCH_USER_PATHS = NO;
				CLANG_ANALYZER_NONNULL = YES;
				CLANG_ANALYZER_NUMBER_OBJECT_CONVERSION = YES_AGGRESSIVE;
				CLANG_CXX_LANGUAGE_STANDARD = "gnu++20";
				CLANG_ENABLE_MODULES = YES;
				CLANG_ENABLE_OBJC_ARC = YES;
				CLANG_ENABLE_OBJC_WEAK = YES;
				CLANG_WARN_BLOCK_CAPTURE_AUTORELEASING = YES;
				CLANG_WARN_BOOL_CONVERSION = YES;
				CLANG_WARN_COMMA = YES;
				CLANG_WARN_CONSTANT_CONVERSION = YES;
				CLANG_WARN_DEPRECATED_OBJC_IMPLEMENTATIONS = YES;
				CLANG_WARN_DIRECT_OBJC_ISA_USAGE = YES_ERROR;
				CLANG_WARN_DOCUMENTATION_COMMENTS = YES;
				CLANG_WARN_EMPTY_BODY = YES;
				CLANG_WARN_ENUM_CONVERSION = YES;
				CLANG_WARN_INFINITE_RECURSION = YES;
				CLANG_WARN_INT_CONVERSION = YES;
				CLANG_WARN_NON_LITERAL_NULL_CONVERSION = YES;
				CLANG_WARN_OBJC_IMPLICIT_RETAIN_SELF = YES;
				CLANG_WARN_OBJC_LITERAL_CONVERSION = YES;
				CLANG_WARN_OBJC_ROOT_CLASS = YES_ERROR;
				CLANG_WARN_QUOTED_INCLUDE_IN_FRAMEWORK_HEADER = YES;
				CLANG_WARN_RANGE_LOOP_ANALYSIS = YES;
				CLANG_WARN_STRICT_PROTOTYPES = YES;
				CLANG_WARN_SUSPICIOUS_MOVE = YES;
				CLANG_WARN_UNGUARDED_AVAILABILITY = YES_AGGRESSIVE;
				CLANG_WARN_UNREACHABLE_CODE = YES;
				CLANG_WARN__DUPLICATE_METHOD_MATCH = YES;
				COPY_PHASE_STRIP = NO;
				DEBUG_INFORMATION_FORMAT = "dwarf-with-dsym";
				ENABLE_NS_ASSERTIONS = NO;
				ENABLE_STRICT_OBJC_MSGSEND = YES;
				GCC_C_LANGUAGE_STANDARD = gnu11;
				GCC_NO_COMMON_BLOCKS = YES;
				GCC_WARN_64_TO_32_BIT_CONVERSION = YES;
				GCC_WARN_ABOUT_RETURN_TYPE = YES_ERROR;
				GCC_WARN_UNDECLARED_SELECTOR = YES;
				GCC_WARN_UNINITIALIZED_AUTOS = YES_AGGRESSIVE;
				GCC_WARN_UNUSED_FUNCTION = YES;
				GCC_WARN_UNUSED_VARIABLE = YES;
				IPHONEOS_DEPLOYMENT_TARGET = 16.2;
				MTL_ENABLE_DEBUG_INFO = NO;
				MTL_FAST_MATH = YES;
				SDKROOT = iphoneos;
				SWIFT_COMPILATION_MODE = wholemodule;
				SWIFT_OPTIMIZATION_LEVEL = "-O";
				VALIDATE_PRODUCT = YES;
			};
			name = Release;
		};
		C3E68BC32A589D970099A78E /* Debug */ = {
			isa = XCBuildConfiguration;
			buildSettings = {
				ASSETCATALOG_COMPILER_APPICON_NAME = AppIcon;
				ASSETCATALOG_COMPILER_GLOBAL_ACCENT_COLOR_NAME = AccentColor;
				CODE_SIGN_STYLE = Automatic;
				CURRENT_PROJECT_VERSION = 1;
				GENERATE_INFOPLIST_FILE = YES;
				INFOPLIST_FILE = PrimeiroProjetoMVVM/Info.plist;
				INFOPLIST_KEY_UIApplicationSupportsIndirectInputEvents = YES;
				INFOPLIST_KEY_UILaunchStoryboardName = LaunchScreen;
				INFOPLIST_KEY_UIMainStoryboardFile = "";
				INFOPLIST_KEY_UISupportedInterfaceOrientations_iPad = "UIInterfaceOrientationPortrait UIInterfaceOrientationPortraitUpsideDown UIInterfaceOrientationLandscapeLeft UIInterfaceOrientationLandscapeRight";
				INFOPLIST_KEY_UISupportedInterfaceOrientations_iPhone = "UIInterfaceOrientationPortrait UIInterfaceOrientationLandscapeLeft UIInterfaceOrientationLandscapeRight";
				LD_RUNPATH_SEARCH_PATHS = (
					"$(inherited)",
					"@executable_path/Frameworks",
				);
				MARKETING_VERSION = 1.0;
				PRODUCT_BUNDLE_IDENTIFIER = backFront.PrimeiroProjetoMVVM;
				PRODUCT_NAME = "$(TARGET_NAME)";
				SWIFT_EMIT_LOC_STRINGS = YES;
				SWIFT_VERSION = 5.0;
				TARGETED_DEVICE_FAMILY = "1,2";
			};
			name = Debug;
		};
		C3E68BC42A589D970099A78E /* Release */ = {
			isa = XCBuildConfiguration;
			buildSettings = {
				ASSETCATALOG_COMPILER_APPICON_NAME = AppIcon;
				ASSETCATALOG_COMPILER_GLOBAL_ACCENT_COLOR_NAME = AccentColor;
				CODE_SIGN_STYLE = Automatic;
				CURRENT_PROJECT_VERSION = 1;
				GENERATE_INFOPLIST_FILE = YES;
				INFOPLIST_FILE = PrimeiroProjetoMVVM/Info.plist;
				INFOPLIST_KEY_UIApplicationSupportsIndirectInputEvents = YES;
				INFOPLIST_KEY_UILaunchStoryboardName = LaunchScreen;
				INFOPLIST_KEY_UIMainStoryboardFile = "";
				INFOPLIST_KEY_UISupportedInterfaceOrientations_iPad = "UIInterfaceOrientationPortrait UIInterfaceOrientationPortraitUpsideDown UIInterfaceOrientationLandscapeLeft UIInterfaceOrientationLandscapeRight";
				INFOPLIST_KEY_UISupportedInterfaceOrientations_iPhone = "UIInterfaceOrientationPortrait UIInterfaceOrientationLandscapeLeft UIInterfaceOrientationLandscapeRight";
				LD_RUNPATH_SEARCH_PATHS = (
					"$(inherited)",
					"@executable_path/Frameworks",
				);
				MARKETING_VERSION = 1.0;
				PRODUCT_BUNDLE_IDENTIFIER = backFront.PrimeiroProjetoMVVM;
				PRODUCT_NAME = "$(TARGET_NAME)";
				SWIFT_EMIT_LOC_STRINGS = YES;
				SWIFT_VERSION = 5.0;
				TARGETED_DEVICE_FAMILY = "1,2";
			};
			name = Release;
		};
/* End XCBuildConfiguration section */

/* Begin XCConfigurationList section */
		C3E68BA92A589D960099A78E /* Build configuration list for PBXProject "PrimeiroProjetoMVVM" */ = {
			isa = XCConfigurationList;
			buildConfigurations = (
				C3E68BC02A589D970099A78E /* Debug */,
				C3E68BC12A589D970099A78E /* Release */,
			);
			defaultConfigurationIsVisible = 0;
			defaultConfigurationName = Release;
		};
		C3E68BC22A589D970099A78E /* Build configuration list for PBXNativeTarget "PrimeiroProjetoMVVM" */ = {
			isa = XCConfigurationList;
			buildConfigurations = (
				C3E68BC32A589D970099A78E /* Debug */,
				C3E68BC42A589D970099A78E /* Release */,
			);
			defaultConfigurationIsVisible = 0;
			defaultConfigurationName = Release;
		};
/* End XCConfigurationList section */
	};
	rootObject = C3E68BA62A589D960099A78E /* Project object */;
}
