// !$*UTF8*$!
{
	archiveVersion = 1;
	classes = {
	};
	objectVersion = 56;
	objects = {

/* Begin PBXBuildFile section */
		C34401642A71E2A3003E0A37 /* PostCardCollectionViewCell.swift in Sources */ = {isa = PBXBuildFile; fileRef = C34401632A71E2A3003E0A37 /* PostCardCollectionViewCell.swift */; };
		C34401672A71E2EC003E0A37 /* PostCardCollectionViewCellScreen.swift in Sources */ = {isa = PBXBuildFile; fileRef = C34401662A71E2EC003E0A37 /* PostCardCollectionViewCellScreen.swift */; };
		C34401692A71E77F003E0A37 /* Posts.swift in Sources */ = {isa = PBXBuildFile; fileRef = C34401682A71E77F003E0A37 /* Posts.swift */; };
		C344016C2A71EA2A003E0A37 /* PostCardViewModel.swift in Sources */ = {isa = PBXBuildFile; fileRef = C344016B2A71EA2A003E0A37 /* PostCardViewModel.swift */; };
		C344016F2A727CE6003E0A37 /* PostCollectionViewCell.swift in Sources */ = {isa = PBXBuildFile; fileRef = C344016E2A727CE6003E0A37 /* PostCollectionViewCell.swift */; };
		C34401722A727D2E003E0A37 /* PostCollectionViewCellScreen.swift in Sources */ = {isa = PBXBuildFile; fileRef = C34401712A727D2E003E0A37 /* PostCollectionViewCellScreen.swift */; };
		C3DD19832A7856A5007FC184 /* GoogleService-Info.plist in Resources */ = {isa = PBXBuildFile; fileRef = C3DD19822A7856A5007FC184 /* GoogleService-Info.plist */; };
		C3DD19862A785790007FC184 /* FirebaseAuth in Frameworks */ = {isa = PBXBuildFile; productRef = C3DD19852A785790007FC184 /* FirebaseAuth */; };
		C3DD19882A785790007FC184 /* FirebaseCrashlytics in Frameworks */ = {isa = PBXBuildFile; productRef = C3DD19872A785790007FC184 /* FirebaseCrashlytics */; };
		C3DD198E2A787843007FC184 /* LoginVC.swift in Sources */ = {isa = PBXBuildFile; fileRef = C3DD198B2A787843007FC184 /* LoginVC.swift */; };
		C3DD198F2A787843007FC184 /* LoginScreen.swift in Sources */ = {isa = PBXBuildFile; fileRef = C3DD198D2A787843007FC184 /* LoginScreen.swift */; };
		C3E68BB22A589D960099A78E /* AppDelegate.swift in Sources */ = {isa = PBXBuildFile; fileRef = C3E68BB12A589D960099A78E /* AppDelegate.swift */; };
		C3E68BB42A589D960099A78E /* SceneDelegate.swift in Sources */ = {isa = PBXBuildFile; fileRef = C3E68BB32A589D960099A78E /* SceneDelegate.swift */; };
		C3E68BB62A589D960099A78E /* HomeVC.swift in Sources */ = {isa = PBXBuildFile; fileRef = C3E68BB52A589D960099A78E /* HomeVC.swift */; };
		C3E68BBB2A589D970099A78E /* Assets.xcassets in Resources */ = {isa = PBXBuildFile; fileRef = C3E68BBA2A589D970099A78E /* Assets.xcassets */; };
		C3E68BBE2A589D970099A78E /* LaunchScreen.storyboard in Resources */ = {isa = PBXBuildFile; fileRef = C3E68BBC2A589D970099A78E /* LaunchScreen.storyboard */; };
		C3E68BC82A5CC9E30099A78E /* HomeScreen.swift in Sources */ = {isa = PBXBuildFile; fileRef = C3E68BC72A5CC9E30099A78E /* HomeScreen.swift */; };
		C3E68BCB2A5CCC920099A78E /* UiView + Extension.swift in Sources */ = {isa = PBXBuildFile; fileRef = C3E68BCA2A5CCC920099A78E /* UiView + Extension.swift */; };
		C3E68BCD2A5CCE320099A78E /* UiColor + Extension.swift in Sources */ = {isa = PBXBuildFile; fileRef = C3E68BCC2A5CCE320099A78E /* UiColor + Extension.swift */; };
		C3E68BCF2A5CD86B0099A78E /* HomeViewModel.swift in Sources */ = {isa = PBXBuildFile; fileRef = C3E68BCE2A5CD86B0099A78E /* HomeViewModel.swift */; };
		C3E68BD32A5D6F7C0099A78E /* StoryCardCollectionViewCell.swift in Sources */ = {isa = PBXBuildFile; fileRef = C3E68BD22A5D6F7C0099A78E /* StoryCardCollectionViewCell.swift */; };
		C3E68BD62A5D6FE30099A78E /* StoryCardCollectionViewCellScreen.swift in Sources */ = {isa = PBXBuildFile; fileRef = C3E68BD52A5D6FE30099A78E /* StoryCardCollectionViewCellScreen.swift */; };
		C3E68BD92A5DB9A70099A78E /* StoryCardViewModel.swift in Sources */ = {isa = PBXBuildFile; fileRef = C3E68BD82A5DB9A70099A78E /* StoryCardViewModel.swift */; };
		C3E68BDC2A5F39DE0099A78E /* Stories.swift in Sources */ = {isa = PBXBuildFile; fileRef = C3E68BDB2A5F39DE0099A78E /* Stories.swift */; };
		C3E68BE12A5F445A0099A78E /* StoryCollectionViewCell.swift in Sources */ = {isa = PBXBuildFile; fileRef = C3E68BE02A5F445A0099A78E /* StoryCollectionViewCell.swift */; };
		C3E68BE42A5F44DE0099A78E /* StoryCollectionViewCellScreen.swift in Sources */ = {isa = PBXBuildFile; fileRef = C3E68BE32A5F44DE0099A78E /* StoryCollectionViewCellScreen.swift */; };
/* End PBXBuildFile section */

/* Begin PBXFileReference section */
		C34401632A71E2A3003E0A37 /* PostCardCollectionViewCell.swift */ = {isa = PBXFileReference; lastKnownFileType = sourcecode.swift; path = PostCardCollectionViewCell.swift; sourceTree = "<group>"; };
		C34401662A71E2EC003E0A37 /* PostCardCollectionViewCellScreen.swift */ = {isa = PBXFileReference; lastKnownFileType = sourcecode.swift; path = PostCardCollectionViewCellScreen.swift; sourceTree = "<group>"; };
		C34401682A71E77F003E0A37 /* Posts.swift */ = {isa = PBXFileReference; lastKnownFileType = sourcecode.swift; path = Posts.swift; sourceTree = "<group>"; };
		C344016B2A71EA2A003E0A37 /* PostCardViewModel.swift */ = {isa = PBXFileReference; lastKnownFileType = sourcecode.swift; path = PostCardViewModel.swift; sourceTree = "<group>"; };
		C344016E2A727CE6003E0A37 /* PostCollectionViewCell.swift */ = {isa = PBXFileReference; lastKnownFileType = sourcecode.swift; path = PostCollectionViewCell.swift; sourceTree = "<group>"; };
		C34401712A727D2E003E0A37 /* PostCollectionViewCellScreen.swift */ = {isa = PBXFileReference; lastKnownFileType = sourcecode.swift; path = PostCollectionViewCellScreen.swift; sourceTree = "<group>"; };
		C3DD19822A7856A5007FC184 /* GoogleService-Info.plist */ = {isa = PBXFileReference; fileEncoding = 4; lastKnownFileType = text.plist.xml; path = "GoogleService-Info.plist"; sourceTree = "<group>"; };
		C3DD198B2A787843007FC184 /* LoginVC.swift */ = {isa = PBXFileReference; fileEncoding = 4; lastKnownFileType = sourcecode.swift; path = LoginVC.swift; sourceTree = "<group>"; };
		C3DD198D2A787843007FC184 /* LoginScreen.swift */ = {isa = PBXFileReference; fileEncoding = 4; lastKnownFileType = sourcecode.swift; path = LoginScreen.swift; sourceTree = "<group>"; };
		C3E68BAE2A589D960099A78E /* PrimeiroProjetoMVVM.app */ = {isa = PBXFileReference; explicitFileType = wrapper.application; includeInIndex = 0; path = PrimeiroProjetoMVVM.app; sourceTree = BUILT_PRODUCTS_DIR; };
		C3E68BB12A589D960099A78E /* AppDelegate.swift */ = {isa = PBXFileReference; lastKnownFileType = sourcecode.swift; path = AppDelegate.swift; sourceTree = "<group>"; };
		C3E68BB32A589D960099A78E /* SceneDelegate.swift */ = {isa = PBXFileReference; lastKnownFileType = sourcecode.swift; path = SceneDelegate.swift; sourceTree = "<group>"; };
		C3E68BB52A589D960099A78E /* HomeVC.swift */ = {isa = PBXFileReference; lastKnownFileType = sourcecode.swift; path = HomeVC.swift; sourceTree = "<group>"; };
		C3E68BBA2A589D970099A78E /* Assets.xcassets */ = {isa = PBXFileReference; lastKnownFileType = folder.assetcatalog; path = Assets.xcassets; sourceTree = "<group>"; };
		C3E68BBD2A589D970099A78E /* Base */ = {isa = PBXFileReference; lastKnownFileType = file.storyboard; name = Base; path = Base.lproj/LaunchScreen.storyboard; sourceTree = "<group>"; };
		C3E68BBF2A589D970099A78E /* Info.plist */ = {isa = PBXFileReference; lastKnownFileType = text.plist.xml; path = Info.plist; sourceTree = "<group>"; };
		C3E68BC72A5CC9E30099A78E /* HomeScreen.swift */ = {isa = PBXFileReference; lastKnownFileType = sourcecode.swift; path = HomeScreen.swift; sourceTree = "<group>"; };
		C3E68BCA2A5CCC920099A78E /* UiView + Extension.swift */ = {isa = PBXFileReference; lastKnownFileType = sourcecode.swift; path = "UiView + Extension.swift"; sourceTree = "<group>"; };
		C3E68BCC2A5CCE320099A78E /* UiColor + Extension.swift */ = {isa = PBXFileReference; lastKnownFileType = sourcecode.swift; path = "UiColor + Extension.swift"; sourceTree = "<group>"; };
		C3E68BCE2A5CD86B0099A78E /* HomeViewModel.swift */ = {isa = PBXFileReference; lastKnownFileType = sourcecode.swift; path = HomeViewModel.swift; sourceTree = "<group>"; };
		C3E68BD22A5D6F7C0099A78E /* StoryCardCollectionViewCell.swift */ = {isa = PBXFileReference; lastKnownFileType = sourcecode.swift; path = StoryCardCollectionViewCell.swift; sourceTree = "<group>"; };
		C3E68BD52A5D6FE30099A78E /* StoryCardCollectionViewCellScreen.swift */ = {isa = PBXFileReference; lastKnownFileType = sourcecode.swift; path = StoryCardCollectionViewCellScreen.swift; sourceTree = "<group>"; };
		C3E68BD82A5DB9A70099A78E /* StoryCardViewModel.swift */ = {isa = PBXFileReference; lastKnownFileType = sourcecode.swift; path = StoryCardViewModel.swift; sourceTree = "<group>"; };
		C3E68BDB2A5F39DE0099A78E /* Stories.swift */ = {isa = PBXFileReference; lastKnownFileType = sourcecode.swift; path = Stories.swift; sourceTree = "<group>"; };
		C3E68BE02A5F445A0099A78E /* StoryCollectionViewCell.swift */ = {isa = PBXFileReference; lastKnownFileType = sourcecode.swift; path = StoryCollectionViewCell.swift; sourceTree = "<group>"; };
		C3E68BE32A5F44DE0099A78E /* StoryCollectionViewCellScreen.swift */ = {isa = PBXFileReference; lastKnownFileType = sourcecode.swift; path = StoryCollectionViewCellScreen.swift; sourceTree = "<group>"; };
/* End PBXFileReference section */

/* Begin PBXFrameworksBuildPhase section */
		C3E68BAB2A589D960099A78E /* Frameworks */ = {
			isa = PBXFrameworksBuildPhase;
			buildActionMask = 2147483647;
			files = (
				C3DD19862A785790007FC184 /* FirebaseAuth in Frameworks */,
				C3DD19882A785790007FC184 /* FirebaseCrashlytics in Frameworks */,
			);
			runOnlyForDeploymentPostprocessing = 0;
		};
/* End PBXFrameworksBuildPhase section */

/* Begin PBXGroup section */
		C34401602A71E24C003E0A37 /* Story */ = {
			isa = PBXGroup;
			children = (
				C3E68BD12A5D6F410099A78E /* StoryCardCollectionViewCell */,
				C3E68BDF2A5F44210099A78E /* StoryCollectionViewCell */,
			);
			path = Story;
			sourceTree = "<group>";
		};
		C34401612A71E25D003E0A37 /* Post */ = {
			isa = PBXGroup;
			children = (
				C344016D2A727CC4003E0A37 /* PostCollectionViewCell */,
				C34401622A71E263003E0A37 /* PostCardCollectionViewCell */,
			);
			path = Post;
			sourceTree = "<group>";
		};
		C34401622A71E263003E0A37 /* PostCardCollectionViewCell */ = {
			isa = PBXGroup;
			children = (
				C344016A2A71E9FC003E0A37 /* ViewModel */,
				C34401652A71E2D7003E0A37 /* Screen */,
				C34401632A71E2A3003E0A37 /* PostCardCollectionViewCell.swift */,
			);
			path = PostCardCollectionViewCell;
			sourceTree = "<group>";
		};
		C34401652A71E2D7003E0A37 /* Screen */ = {
			isa = PBXGroup;
			children = (
				C34401662A71E2EC003E0A37 /* PostCardCollectionViewCellScreen.swift */,
			);
			path = Screen;
			sourceTree = "<group>";
		};
		C344016A2A71E9FC003E0A37 /* ViewModel */ = {
			isa = PBXGroup;
			children = (
				C344016B2A71EA2A003E0A37 /* PostCardViewModel.swift */,
			);
			path = ViewModel;
			sourceTree = "<group>";
		};
		C344016D2A727CC4003E0A37 /* PostCollectionViewCell */ = {
			isa = PBXGroup;
			children = (
				C34401702A727D0A003E0A37 /* Screen */,
				C344016E2A727CE6003E0A37 /* PostCollectionViewCell.swift */,
			);
			path = PostCollectionViewCell;
			sourceTree = "<group>";
		};
		C34401702A727D0A003E0A37 /* Screen */ = {
			isa = PBXGroup;
			children = (
				C34401712A727D2E003E0A37 /* PostCollectionViewCellScreen.swift */,
			);
			path = Screen;
			sourceTree = "<group>";
		};
		C3DD19892A787843007FC184 /* LoginVC */ = {
			isa = PBXGroup;
			children = (
				C3DD198A2A787843007FC184 /* VC */,
				C3DD198C2A787843007FC184 /* Screen */,
			);
			path = LoginVC;
			sourceTree = "<group>";
		};
		C3DD198A2A787843007FC184 /* VC */ = {
			isa = PBXGroup;
			children = (
				C3DD198B2A787843007FC184 /* LoginVC.swift */,
			);
			path = VC;
			sourceTree = "<group>";
		};
		C3DD198C2A787843007FC184 /* Screen */ = {
			isa = PBXGroup;
			children = (
				C3DD198D2A787843007FC184 /* LoginScreen.swift */,
			);
			path = Screen;
			sourceTree = "<group>";
		};
		C3DD19902A78790C007FC184 /* VC */ = {
			isa = PBXGroup;
			children = (
				C3E68BB52A589D960099A78E /* HomeVC.swift */,
			);
			path = VC;
			sourceTree = "<group>";
		};
		C3E68BA52A589D960099A78E = {
			isa = PBXGroup;
			children = (
				C3E68BB02A589D960099A78E /* PrimeiroProjetoMVVM */,
				C3E68BAF2A589D960099A78E /* Products */,
			);
			sourceTree = "<group>";
		};
		C3E68BAF2A589D960099A78E /* Products */ = {
			isa = PBXGroup;
			children = (
				C3E68BAE2A589D960099A78E /* PrimeiroProjetoMVVM.app */,
			);
			name = Products;
			sourceTree = "<group>";
		};
		C3E68BB02A589D960099A78E /* PrimeiroProjetoMVVM */ = {
			isa = PBXGroup;
			children = (
				C3DD19892A787843007FC184 /* LoginVC */,
				C3E68BDA2A5F39C60099A78E /* Model */,
				C3E68BC92A5CCC770099A78E /* Extension */,
				C3E68BC62A5CC9CA0099A78E /* HomeVC */,
				C3E68BB12A589D960099A78E /* AppDelegate.swift */,
				C3E68BB32A589D960099A78E /* SceneDelegate.swift */,
				C3E68BBA2A589D970099A78E /* Assets.xcassets */,
				C3DD19822A7856A5007FC184 /* GoogleService-Info.plist */,
				C3E68BBC2A589D970099A78E /* LaunchScreen.storyboard */,
				C3E68BBF2A589D970099A78E /* Info.plist */,
			);
			path = PrimeiroProjetoMVVM;
			sourceTree = "<group>";
		};
		C3E68BC62A5CC9CA0099A78E /* HomeVC */ = {
			isa = PBXGroup;
			children = (
				C3DD19902A78790C007FC184 /* VC */,
				C3E68BDE2A5F3A380099A78E /* ViewModel */,
				C3E68BDD2A5F3A2D0099A78E /* Screen */,
				C3E68BD02A5D6F390099A78E /* Cell */,
			);
			path = HomeVC;
			sourceTree = "<group>";
		};
		C3E68BC92A5CCC770099A78E /* Extension */ = {
			isa = PBXGroup;
			children = (
				C3E68BCA2A5CCC920099A78E /* UiView + Extension.swift */,
				C3E68BCC2A5CCE320099A78E /* UiColor + Extension.swift */,
			);
			path = Extension;
			sourceTree = "<group>";
		};
		C3E68BD02A5D6F390099A78E /* Cell */ = {
			isa = PBXGroup;
			children = (
				C34401612A71E25D003E0A37 /* Post */,
				C34401602A71E24C003E0A37 /* Story */,
			);
			path = Cell;
			sourceTree = "<group>";
		};
		C3E68BD12A5D6F410099A78E /* StoryCardCollectionViewCell */ = {
			isa = PBXGroup;
			children = (
				C3E68BD72A5DB9830099A78E /* ViewModel */,
				C3E68BD42A5D6FC60099A78E /* Screen */,
				C3E68BD22A5D6F7C0099A78E /* StoryCardCollectionViewCell.swift */,
			);
			path = StoryCardCollectionViewCell;
			sourceTree = "<group>";
		};
		C3E68BD42A5D6FC60099A78E /* Screen */ = {
			isa = PBXGroup;
			children = (
				C3E68BD52A5D6FE30099A78E /* StoryCardCollectionViewCellScreen.swift */,
			);
			path = Screen;
			sourceTree = "<group>";
		};
		C3E68BD72A5DB9830099A78E /* ViewModel */ = {
			isa = PBXGroup;
			children = (
				C3E68BD82A5DB9A70099A78E /* StoryCardViewModel.swift */,
			);
			path = ViewModel;
			sourceTree = "<group>";
		};
		C3E68BDA2A5F39C60099A78E /* Model */ = {
			isa = PBXGroup;
			children = (
				C3E68BDB2A5F39DE0099A78E /* Stories.swift */,
				C34401682A71E77F003E0A37 /* Posts.swift */,
			);
			path = Model;
			sourceTree = "<group>";
		};
		C3E68BDD2A5F3A2D0099A78E /* Screen */ = {
			isa = PBXGroup;
			children = (
				C3E68BC72A5CC9E30099A78E /* HomeScreen.swift */,
			);
			path = Screen;
			sourceTree = "<group>";
		};
		C3E68BDE2A5F3A380099A78E /* ViewModel */ = {
			isa = PBXGroup;
			children = (
				C3E68BCE2A5CD86B0099A78E /* HomeViewModel.swift */,
			);
			path = ViewModel;
			sourceTree = "<group>";
		};
		C3E68BDF2A5F44210099A78E /* StoryCollectionViewCell */ = {
			isa = PBXGroup;
			children = (
				C3E68BE22A5F44C40099A78E /* Screen */,
				C3E68BE02A5F445A0099A78E /* StoryCollectionViewCell.swift */,
			);
			path = StoryCollectionViewCell;
			sourceTree = "<group>";
		};
		C3E68BE22A5F44C40099A78E /* Screen */ = {
			isa = PBXGroup;
			children = (
				C3E68BE32A5F44DE0099A78E /* StoryCollectionViewCellScreen.swift */,
			);
			path = Screen;
			sourceTree = "<group>";
		};
/* End PBXGroup section */

/* Begin PBXNativeTarget section */
		C3E68BAD2A589D960099A78E /* PrimeiroProjetoMVVM */ = {
			isa = PBXNativeTarget;
			buildConfigurationList = C3E68BC22A589D970099A78E /* Build configuration list for PBXNativeTarget "PrimeiroProjetoMVVM" */;
			buildPhases = (
				C3E68BAA2A589D960099A78E /* Sources */,
				C3E68BAB2A589D960099A78E /* Frameworks */,
				C3E68BAC2A589D960099A78E /* Resources */,
			);
			buildRules = (
			);
			dependencies = (
			);
			name = PrimeiroProjetoMVVM;
			packageProductDependencies = (
				C3DD19852A785790007FC184 /* FirebaseAuth */,
				C3DD19872A785790007FC184 /* FirebaseCrashlytics */,
			);
			productName = PrimeiroProjetoMVVM;
			productReference = C3E68BAE2A589D960099A78E /* PrimeiroProjetoMVVM.app */;
			productType = "com.apple.product-type.application";
		};
/* End PBXNativeTarget section */

/* Begin PBXProject section */
		C3E68BA62A589D960099A78E /* Project object */ = {
			isa = PBXProject;
			attributes = {
				BuildIndependentTargetsInParallel = 1;
				LastSwiftUpdateCheck = 1420;
				LastUpgradeCheck = 1420;
				TargetAttributes = {
					C3E68BAD2A589D960099A78E = {
						CreatedOnToolsVersion = 14.2;
					};
				};
			};
			buildConfigurationList = C3E68BA92A589D960099A78E /* Build configuration list for PBXProject "PrimeiroProjetoMVVM" */;
			compatibilityVersion = "Xcode 14.0";
			developmentRegion = en;
			hasScannedForEncodings = 0;
			knownRegions = (
				en,
				Base,
			);
			mainGroup = C3E68BA52A589D960099A78E;
			packageReferences = (
				C3DD19842A785790007FC184 /* XCRemoteSwiftPackageReference "firebase-ios-sdk" */,
			);
			productRefGroup = C3E68BAF2A589D960099A78E /* Products */;
			projectDirPath = "";
			projectRoot = "";
			targets = (
				C3E68BAD2A589D960099A78E /* PrimeiroProjetoMVVM */,
			);
		};
/* End PBXProject section */

/* Begin PBXResourcesBuildPhase section */
		C3E68BAC2A589D960099A78E /* Resources */ = {
			isa = PBXResourcesBuildPhase;
			buildActionMask = 2147483647;
			files = (
				C3E68BBE2A589D970099A78E /* LaunchScreen.storyboard in Resources */,
				C3E68BBB2A589D970099A78E /* Assets.xcassets in Resources */,
				C3DD19832A7856A5007FC184 /* GoogleService-Info.plist in Resources */,
			);
			runOnlyForDeploymentPostprocessing = 0;
		};
/* End PBXResourcesBuildPhase section */

/* Begin PBXSourcesBuildPhase section */
		C3E68BAA2A589D960099A78E /* Sources */ = {
			isa = PBXSourcesBuildPhase;
			buildActionMask = 2147483647;
			files = (
				C3E68BC82A5CC9E30099A78E /* HomeScreen.swift in Sources */,
				C34401722A727D2E003E0A37 /* PostCollectionViewCellScreen.swift in Sources */,
				C3E68BE42A5F44DE0099A78E /* StoryCollectionViewCellScreen.swift in Sources */,
				C34401642A71E2A3003E0A37 /* PostCardCollectionViewCell.swift in Sources */,
				C3E68BB62A589D960099A78E /* HomeVC.swift in Sources */,
				C3E68BD32A5D6F7C0099A78E /* StoryCardCollectionViewCell.swift in Sources */,
				C3E68BCF2A5CD86B0099A78E /* HomeViewModel.swift in Sources */,
				C3E68BE12A5F445A0099A78E /* StoryCollectionViewCell.swift in Sources */,
				C3E68BD92A5DB9A70099A78E /* StoryCardViewModel.swift in Sources */,
				C344016F2A727CE6003E0A37 /* PostCollectionViewCell.swift in Sources */,
				C344016C2A71EA2A003E0A37 /* PostCardViewModel.swift in Sources */,
				C3DD198F2A787843007FC184 /* LoginScreen.swift in Sources */,
				C34401672A71E2EC003E0A37 /* PostCardCollectionViewCellScreen.swift in Sources */,
				C3E68BDC2A5F39DE0099A78E /* Stories.swift in Sources */,
				C3E68BB22A589D960099A78E /* AppDelegate.swift in Sources */,
				C3DD198E2A787843007FC184 /* LoginVC.swift in Sources */,
				C3E68BCD2A5CCE320099A78E /* UiColor + Extension.swift in Sources */,
				C3E68BCB2A5CCC920099A78E /* UiView + Extension.swift in Sources */,
				C3E68BB42A589D960099A78E /* SceneDelegate.swift in Sources */,
				C3E68BD62A5D6FE30099A78E /* StoryCardCollectionViewCellScreen.swift in Sources */,
				C34401692A71E77F003E0A37 /* Posts.swift in Sources */,
			);
			runOnlyForDeploymentPostprocessing = 0;
		};
/* End PBXSourcesBuildPhase section */

/* Begin PBXVariantGroup section */
		C3E68BBC2A589D970099A78E /* LaunchScreen.storyboard */ = {
			isa = PBXVariantGroup;
			children = (
				C3E68BBD2A589D970099A78E /* Base */,
			);
			name = LaunchScreen.storyboard;
			sourceTree = "<group>";
		};
/* End PBXVariantGroup section */

/* Begin XCBuildConfiguration section */
		C3E68BC02A589D970099A78E /* Debug */ = {
			isa = XCBuildConfiguration;
			buildSettings = {
				ALWAYS_SEARCH_USER_PATHS = NO;
				CLANG_ANALYZER_NONNULL = YES;
				CLANG_ANALYZER_NUMBER_OBJECT_CONVERSION = YES_AGGRESSIVE;
				CLANG_CXX_LANGUAGE_STANDARD = "gnu++20";
				CLANG_ENABLE_MODULES = YES;
				CLANG_ENABLE_OBJC_ARC = YES;
				CLANG_ENABLE_OBJC_WEAK = YES;
				CLANG_WARN_BLOCK_CAPTURE_AUTORELEASING = YES;
				CLANG_WARN_BOOL_CONVERSION = YES;
				CLANG_WARN_COMMA = YES;
				CLANG_WARN_CONSTANT_CONVERSION = YES;
				CLANG_WARN_DEPRECATED_OBJC_IMPLEMENTATIONS = YES;
				CLANG_WARN_DIRECT_OBJC_ISA_USAGE = YES_ERROR;
				CLANG_WARN_DOCUMENTATION_COMMENTS = YES;
				CLANG_WARN_EMPTY_BODY = YES;
				CLANG_WARN_ENUM_CONVERSION = YES;
				CLANG_WARN_INFINITE_RECURSION = YES;
				CLANG_WARN_INT_CONVERSION = YES;
				CLANG_WARN_NON_LITERAL_NULL_CONVERSION = YES;
				CLANG_WARN_OBJC_IMPLICIT_RETAIN_SELF = YES;
				CLANG_WARN_OBJC_LITERAL_CONVERSION = YES;
				CLANG_WARN_OBJC_ROOT_CLASS = YES_ERROR;
				CLANG_WARN_QUOTED_INCLUDE_IN_FRAMEWORK_HEADER = YES;
				CLANG_WARN_RANGE_LOOP_ANALYSIS = YES;
				CLANG_WARN_STRICT_PROTOTYPES = YES;
				CLANG_WARN_SUSPICIOUS_MOVE = YES;
				CLANG_WARN_UNGUARDED_AVAILABILITY = YES_AGGRESSIVE;
				CLANG_WARN_UNREACHABLE_CODE = YES;
				CLANG_WARN__DUPLICATE_METHOD_MATCH = YES;
				COPY_PHASE_STRIP = NO;
				DEBUG_INFORMATION_FORMAT = dwarf;
				ENABLE_STRICT_OBJC_MSGSEND = YES;
				ENABLE_TESTABILITY = YES;
				GCC_C_LANGUAGE_STANDARD = gnu11;
				GCC_DYNAMIC_NO_PIC = NO;
				GCC_NO_COMMON_BLOCKS = YES;
				GCC_OPTIMIZATION_LEVEL = 0;
				GCC_PREPROCESSOR_DEFINITIONS = (
					"DEBUG=1",
					"$(inherited)",
				);
				GCC_WARN_64_TO_32_BIT_CONVERSION = YES;
				GCC_WARN_ABOUT_RETURN_TYPE = YES_ERROR;
				GCC_WARN_UNDECLARED_SELECTOR = YES;
				GCC_WARN_UNINITIALIZED_AUTOS = YES_AGGRESSIVE;
				GCC_WARN_UNUSED_FUNCTION = YES;
				GCC_WARN_UNUSED_VARIABLE = YES;
				IPHONEOS_DEPLOYMENT_TARGET = 16.2;
				MTL_ENABLE_DEBUG_INFO = INCLUDE_SOURCE;
				MTL_FAST_MATH = YES;
				ONLY_ACTIVE_ARCH = YES;
				SDKROOT = iphoneos;
				SWIFT_ACTIVE_COMPILATION_CONDITIONS = DEBUG;
				SWIFT_OPTIMIZATION_LEVEL = "-Onone";
			};
			name = Debug;
		};
		C3E68BC12A589D970099A78E /* Release */ = {
			isa = XCBuildConfiguration;
			buildSettings = {
				ALWAYS_SEARCH_USER_PATHS = NO;
				CLANG_ANALYZER_NONNULL = YES;
				CLANG_ANALYZER_NUMBER_OBJECT_CONVERSION = YES_AGGRESSIVE;
				CLANG_CXX_LANGUAGE_STANDARD = "gnu++20";
				CLANG_ENABLE_MODULES = YES;
				CLANG_ENABLE_OBJC_ARC = YES;
				CLANG_ENABLE_OBJC_WEAK = YES;
				CLANG_WARN_BLOCK_CAPTURE_AUTORELEASING = YES;
				CLANG_WARN_BOOL_CONVERSION = YES;
				CLANG_WARN_COMMA = YES;
				CLANG_WARN_CONSTANT_CONVERSION = YES;
				CLANG_WARN_DEPRECATED_OBJC_IMPLEMENTATIONS = YES;
				CLANG_WARN_DIRECT_OBJC_ISA_USAGE = YES_ERROR;
				CLANG_WARN_DOCUMENTATION_COMMENTS = YES;
				CLANG_WARN_EMPTY_BODY = YES;
				CLANG_WARN_ENUM_CONVERSION = YES;
				CLANG_WARN_INFINITE_RECURSION = YES;
				CLANG_WARN_INT_CONVERSION = YES;
				CLANG_WARN_NON_LITERAL_NULL_CONVERSION = YES;
				CLANG_WARN_OBJC_IMPLICIT_RETAIN_SELF = YES;
				CLANG_WARN_OBJC_LITERAL_CONVERSION = YES;
				CLANG_WARN_OBJC_ROOT_CLASS = YES_ERROR;
				CLANG_WARN_QUOTED_INCLUDE_IN_FRAMEWORK_HEADER = YES;
				CLANG_WARN_RANGE_LOOP_ANALYSIS = YES;
				CLANG_WARN_STRICT_PROTOTYPES = YES;
				CLANG_WARN_SUSPICIOUS_MOVE = YES;
				CLANG_WARN_UNGUARDED_AVAILABILITY = YES_AGGRESSIVE;
				CLANG_WARN_UNREACHABLE_CODE = YES;
				CLANG_WARN__DUPLICATE_METHOD_MATCH = YES;
				COPY_PHASE_STRIP = NO;
				DEBUG_INFORMATION_FORMAT = "dwarf-with-dsym";
				ENABLE_NS_ASSERTIONS = NO;
				ENABLE_STRICT_OBJC_MSGSEND = YES;
				GCC_C_LANGUAGE_STANDARD = gnu11;
				GCC_NO_COMMON_BLOCKS = YES;
				GCC_WARN_64_TO_32_BIT_CONVERSION = YES;
				GCC_WARN_ABOUT_RETURN_TYPE = YES_ERROR;
				GCC_WARN_UNDECLARED_SELECTOR = YES;
				GCC_WARN_UNINITIALIZED_AUTOS = YES_AGGRESSIVE;
				GCC_WARN_UNUSED_FUNCTION = YES;
				GCC_WARN_UNUSED_VARIABLE = YES;
				IPHONEOS_DEPLOYMENT_TARGET = 16.2;
				MTL_ENABLE_DEBUG_INFO = NO;
				MTL_FAST_MATH = YES;
				SDKROOT = iphoneos;
				SWIFT_COMPILATION_MODE = wholemodule;
				SWIFT_OPTIMIZATION_LEVEL = "-O";
				VALIDATE_PRODUCT = YES;
			};
			name = Release;
		};
		C3E68BC32A589D970099A78E /* Debug */ = {
			isa = XCBuildConfiguration;
			buildSettings = {
				ASSETCATALOG_COMPILER_APPICON_NAME = AppIcon;
				ASSETCATALOG_COMPILER_GLOBAL_ACCENT_COLOR_NAME = AccentColor;
				CODE_SIGN_STYLE = Automatic;
				CURRENT_PROJECT_VERSION = 1;
				GENERATE_INFOPLIST_FILE = YES;
				INFOPLIST_FILE = PrimeiroProjetoMVVM/Info.plist;
				INFOPLIST_KEY_UIApplicationSupportsIndirectInputEvents = YES;
				INFOPLIST_KEY_UILaunchStoryboardName = LaunchScreen;
				INFOPLIST_KEY_UIMainStoryboardFile = "";
				INFOPLIST_KEY_UISupportedInterfaceOrientations_iPad = "UIInterfaceOrientationPortrait UIInterfaceOrientationPortraitUpsideDown UIInterfaceOrientationLandscapeLeft UIInterfaceOrientationLandscapeRight";
				INFOPLIST_KEY_UISupportedInterfaceOrientations_iPhone = "UIInterfaceOrientationPortrait UIInterfaceOrientationLandscapeLeft UIInterfaceOrientationLandscapeRight";
				LD_RUNPATH_SEARCH_PATHS = (
					"$(inherited)",
					"@executable_path/Frameworks",
				);
				MARKETING_VERSION = 1.0;
				PRODUCT_BUNDLE_IDENTIFIER = backFront.PrimeiroProjetoMVVM;
				PRODUCT_NAME = "$(TARGET_NAME)";
				SWIFT_EMIT_LOC_STRINGS = YES;
				SWIFT_VERSION = 5.0;
				TARGETED_DEVICE_FAMILY = "1,2";
			};
			name = Debug;
		};
		C3E68BC42A589D970099A78E /* Release */ = {
			isa = XCBuildConfiguration;
			buildSettings = {
				ASSETCATALOG_COMPILER_APPICON_NAME = AppIcon;
				ASSETCATALOG_COMPILER_GLOBAL_ACCENT_COLOR_NAME = AccentColor;
				CODE_SIGN_STYLE = Automatic;
				CURRENT_PROJECT_VERSION = 1;
				GENERATE_INFOPLIST_FILE = YES;
				INFOPLIST_FILE = PrimeiroProjetoMVVM/Info.plist;
				INFOPLIST_KEY_UIApplicationSupportsIndirectInputEvents = YES;
				INFOPLIST_KEY_UILaunchStoryboardName = LaunchScreen;
				INFOPLIST_KEY_UIMainStoryboardFile = "";
				INFOPLIST_KEY_UISupportedInterfaceOrientations_iPad = "UIInterfaceOrientationPortrait UIInterfaceOrientationPortraitUpsideDown UIInterfaceOrientationLandscapeLeft UIInterfaceOrientationLandscapeRight";
				INFOPLIST_KEY_UISupportedInterfaceOrientations_iPhone = "UIInterfaceOrientationPortrait UIInterfaceOrientationLandscapeLeft UIInterfaceOrientationLandscapeRight";
				LD_RUNPATH_SEARCH_PATHS = (
					"$(inherited)",
					"@executable_path/Frameworks",
				);
				MARKETING_VERSION = 1.0;
				PRODUCT_BUNDLE_IDENTIFIER = backFront.PrimeiroProjetoMVVM;
				PRODUCT_NAME = "$(TARGET_NAME)";
				SWIFT_EMIT_LOC_STRINGS = YES;
				SWIFT_VERSION = 5.0;
				TARGETED_DEVICE_FAMILY = "1,2";
			};
			name = Release;
		};
/* End XCBuildConfiguration section */

/* Begin XCConfigurationList section */
		C3E68BA92A589D960099A78E /* Build configuration list for PBXProject "PrimeiroProjetoMVVM" */ = {
			isa = XCConfigurationList;
			buildConfigurations = (
				C3E68BC02A589D970099A78E /* Debug */,
				C3E68BC12A589D970099A78E /* Release */,
			);
			defaultConfigurationIsVisible = 0;
			defaultConfigurationName = Release;
		};
		C3E68BC22A589D970099A78E /* Build configuration list for PBXNativeTarget "PrimeiroProjetoMVVM" */ = {
			isa = XCConfigurationList;
			buildConfigurations = (
				C3E68BC32A589D970099A78E /* Debug */,
				C3E68BC42A589D970099A78E /* Release */,
			);
			defaultConfigurationIsVisible = 0;
			defaultConfigurationName = Release;
		};
/* End XCConfigurationList section */

/* Begin XCRemoteSwiftPackageReference section */
		C3DD19842A785790007FC184 /* XCRemoteSwiftPackageReference "firebase-ios-sdk" */ = {
			isa = XCRemoteSwiftPackageReference;
			repositoryURL = "https://github.com/firebase/firebase-ios-sdk";
			requirement = {
				kind = upToNextMajorVersion;
				minimumVersion = 10.0.0;
			};
		};
/* End XCRemoteSwiftPackageReference section */

/* Begin XCSwiftPackageProductDependency section */
		C3DD19852A785790007FC184 /* FirebaseAuth */ = {
			isa = XCSwiftPackageProductDependency;
			package = C3DD19842A785790007FC184 /* XCRemoteSwiftPackageReference "firebase-ios-sdk" */;
			productName = FirebaseAuth;
		};
		C3DD19872A785790007FC184 /* FirebaseCrashlytics */ = {
			isa = XCSwiftPackageProductDependency;
			package = C3DD19842A785790007FC184 /* XCRemoteSwiftPackageReference "firebase-ios-sdk" */;
			productName = FirebaseCrashlytics;
		};
/* End XCSwiftPackageProductDependency section */
	};
	rootObject = C3E68BA62A589D960099A78E /* Project object */;
}
